
Microsoft Visual Studio Solution File, Format Version 12.00
# Visual Studio Version 17
VisualStudioVersion = 17.0.31903.59
MinimumVisualStudioVersion = 10.0.40219.1
Project("{FAE04EC0-301F-11D3-BF4B-00C04F79EFBC}") = "Bhop", "Bhop\Bhop.csproj", "{735F5B65-5A0E-44EC-918D-2FDFE4B63753}"
EndProject
Project("{FAE04EC0-301F-11D3-BF4B-00C04F79EFBC}") = "Anti-Flash", "Anti-Flash\Anti-Flash.csproj", "{2AA8B310-197F-4F70-93EA-AB229C8E4647}"
EndProject
Project("{FAE04EC0-301F-11D3-BF4B-00C04F79EFBC}") = "Trigger_Bot", "Trigger_Bot\Trigger_Bot.csproj", "{E2DAA564-E0C8-4C7F-B842-A1D03D0F86B8}"
EndProject
Project("{FAE04EC0-301F-11D3-BF4B-00C04F79EFBC}") = "Aimbot", "Aimbot\Aimbot.csproj", "{8B4ADB78-023F-D4B0-7C6B-3BC0A298C31C}"
EndProject
Global
	GlobalSection(SolutionConfigurationPlatforms) = preSolution
		Debug|Any CPU = Debug|Any CPU
		Debug|x64 = Debug|x64
		Debug|x86 = Debug|x86
		Release|Any CPU = Release|Any CPU
		Release|x64 = Release|x64
		Release|x86 = Release|x86
	EndGlobalSection
	GlobalSection(ProjectConfigurationPlatforms) = postSolution
		{735F5B65-5A0E-44EC-918D-2FDFE4B63753}.Debug|Any CPU.ActiveCfg = Debug|Any CPU
		{735F5B65-5A0E-44EC-918D-2FDFE4B63753}.Debug|Any CPU.Build.0 = Debug|Any CPU
		{735F5B65-5A0E-44EC-918D-2FDFE4B63753}.Debug|x64.ActiveCfg = Debug|Any CPU
		{735F5B65-5A0E-44EC-918D-2FDFE4B63753}.Debug|x64.Build.0 = Debug|Any CPU
		{735F5B65-5A0E-44EC-918D-2FDFE4B63753}.Debug|x86.ActiveCfg = Debug|Any CPU
		{735F5B65-5A0E-44EC-918D-2FDFE4B63753}.Debug|x86.Build.0 = Debug|Any CPU
		{735F5B65-5A0E-44EC-918D-2FDFE4B63753}.Release|Any CPU.ActiveCfg = Release|Any CPU
		{735F5B65-5A0E-44EC-918D-2FDFE4B63753}.Release|Any CPU.Build.0 = Release|Any CPU
		{735F5B65-5A0E-44EC-918D-2FDFE4B63753}.Release|x64.ActiveCfg = Release|Any CPU
		{735F5B65-5A0E-44EC-918D-2FDFE4B63753}.Release|x64.Build.0 = Release|Any CPU
		{735F5B65-5A0E-44EC-918D-2FDFE4B63753}.Release|x86.ActiveCfg = Release|Any CPU
		{735F5B65-5A0E-44EC-918D-2FDFE4B63753}.Release|x86.Build.0 = Release|Any CPU
		{2AA8B310-197F-4F70-93EA-AB229C8E4647}.Debug|Any CPU.ActiveCfg = Debug|Any CPU
		{2AA8B310-197F-4F70-93EA-AB229C8E4647}.Debug|Any CPU.Build.0 = Debug|Any CPU
		{2AA8B310-197F-4F70-93EA-AB229C8E4647}.Debug|x64.ActiveCfg = Debug|Any CPU
		{2AA8B310-197F-4F70-93EA-AB229C8E4647}.Debug|x64.Build.0 = Debug|Any CPU
		{2AA8B310-197F-4F70-93EA-AB229C8E4647}.Debug|x86.ActiveCfg = Debug|Any CPU
		{2AA8B310-197F-4F70-93EA-AB229C8E4647}.Debug|x86.Build.0 = Debug|Any CPU
		{2AA8B310-197F-4F70-93EA-AB229C8E4647}.Release|Any CPU.ActiveCfg = Release|Any CPU
		{2AA8B310-197F-4F70-93EA-AB229C8E4647}.Release|Any CPU.Build.0 = Release|Any CPU
		{2AA8B310-197F-4F70-93EA-AB229C8E4647}.Release|x64.ActiveCfg = Release|Any CPU
		{2AA8B310-197F-4F70-93EA-AB229C8E4647}.Release|x64.Build.0 = Release|Any CPU
		{2AA8B310-197F-4F70-93EA-AB229C8E4647}.Release|x86.ActiveCfg = Release|Any CPU
		{2AA8B310-197F-4F70-93EA-AB229C8E4647}.Release|x86.Build.0 = Release|Any CPU
		{E2DAA564-E0C8-4C7F-B842-A1D03D0F86B8}.Debug|Any CPU.ActiveCfg = Debug|Any CPU
		{E2DAA564-E0C8-4C7F-B842-A1D03D0F86B8}.Debug|Any CPU.Build.0 = Debug|Any CPU
		{E2DAA564-E0C8-4C7F-B842-A1D03D0F86B8}.Debug|x64.ActiveCfg = Debug|Any CPU
		{E2DAA564-E0C8-4C7F-B842-A1D03D0F86B8}.Debug|x64.Build.0 = Debug|Any CPU
		{E2DAA564-E0C8-4C7F-B842-A1D03D0F86B8}.Debug|x86.ActiveCfg = Debug|Any CPU
		{E2DAA564-E0C8-4C7F-B842-A1D03D0F86B8}.Debug|x86.Build.0 = Debug|Any CPU
		{E2DAA564-E0C8-4C7F-B842-A1D03D0F86B8}.Release|Any CPU.ActiveCfg = Release|Any CPU
		{E2DAA564-E0C8-4C7F-B842-A1D03D0F86B8}.Release|Any CPU.Build.0 = Release|Any CPU
		{E2DAA564-E0C8-4C7F-B842-A1D03D0F86B8}.Release|x64.ActiveCfg = Release|Any CPU
		{E2DAA564-E0C8-4C7F-B842-A1D03D0F86B8}.Release|x64.Build.0 = Release|Any CPU
		{E2DAA564-E0C8-4C7F-B842-A1D03D0F86B8}.Release|x86.ActiveCfg = Release|Any CPU
		{E2DAA564-E0C8-4C7F-B842-A1D03D0F86B8}.Release|x86.Build.0 = Release|Any CPU
		{8B4ADB78-023F-D4B0-7C6B-3BC0A298C31C}.Debug|Any CPU.ActiveCfg = Debug|Any CPU
		{8B4ADB78-023F-D4B0-7C6B-3BC0A298C31C}.Debug|Any CPU.Build.0 = Debug|Any CPU
		{8B4ADB78-023F-D4B0-7C6B-3BC0A298C31C}.Debug|x64.ActiveCfg = Debug|Any CPU
		{8B4ADB78-023F-D4B0-7C6B-3BC0A298C31C}.Debug|x64.Build.0 = Debug|Any CPU
		{8B4ADB78-023F-D4B0-7C6B-3BC0A298C31C}.Debug|x86.ActiveCfg = Debug|Any CPU
		{8B4ADB78-023F-D4B0-7C6B-3BC0A298C31C}.Debug|x86.Build.0 = Debug|Any CPU
		{8B4ADB78-023F-D4B0-7C6B-3BC0A298C31C}.Release|Any CPU.ActiveCfg = Release|Any CPU
		{8B4ADB78-023F-D4B0-7C6B-3BC0A298C31C}.Release|Any CPU.Build.0 = Release|Any CPU
		{8B4ADB78-023F-D4B0-7C6B-3BC0A298C31C}.Release|x64.ActiveCfg = Release|Any CPU
		{8B4ADB78-023F-D4B0-7C6B-3BC0A298C31C}.Release|x64.Build.0 = Release|Any CPU
		{8B4ADB78-023F-D4B0-7C6B-3BC0A298C31C}.Release|x86.ActiveCfg = Release|Any CPU
		{8B4ADB78-023F-D4B0-7C6B-3BC0A298C31C}.Release|x86.Build.0 = Release|Any CPU
	EndGlobalSection
	GlobalSection(SolutionProperties) = preSolution
		HideSolutionNode = FALSE
	EndGlobalSection
EndGlobal
